{
  "name": "example-project",
  "version": "1.0.0",
  "lockfileVersion": 2,
  "requires": true,
  "packages": {
    "": {
      "name": "example-project",
      "version": "1.0.0",
      "license": "CC0-1.0",
      "devDependencies": {
        "@wonderlandengine/components": "0.9.2"
      }
    },
    "node_modules/@wonderlandengine/components": {
      "version": "0.9.2",
      "resolved": "https://registry.npmjs.org/@wonderlandengine/components/-/components-0.9.2.tgz",
      "integrity": "sha512-MEG1eS8iMj8iY9c03qXiIRPfuI1XMGsSFOqVW9q/VjwAhcABKFotzpJpmOFHvns0YGVO621o8uAvqgsmGQ6lpQ==",
      "dev": true,
      "dependencies": {
        "gl-matrix": "^3.3.0",
        "howler": "^2.2.1"
      }
    },
    "node_modules/gl-matrix": {
      "version": "3.4.3",
      "resolved": "https://registry.npmjs.org/gl-matrix/-/gl-matrix-3.4.3.tgz",
      "integrity": "sha512-wcCp8vu8FT22BnvKVPjXa/ICBWRq/zjFfdofZy1WSpQZpphblv12/bOQLBC1rMM7SGOFS9ltVmKOHil5+Ml7gA==",
      "dev": true
    },
    "node_modules/howler": {
      "version": "2.2.3",
      "resolved": "https://registry.npmjs.org/howler/-/howler-2.2.3.tgz",
      "integrity": "sha512-QM0FFkw0LRX1PR8pNzJVAY25JhIWvbKMBFM4gqk+QdV+kPXOhleWGCB6AiAF/goGjIHK2e/nIElplvjQwhr0jg==",
      "dev": true
    }
  },
  "dependencies": {
    "@wonderlandengine/components": {
      "version": "0.9.2",
      "resolved": "https://registry.npmjs.org/@wonderlandengine/components/-/components-0.9.2.tgz",
      "integrity": "sha512-MEG1eS8iMj8iY9c03qXiIRPfuI1XMGsSFOqVW9q/VjwAhcABKFotzpJpmOFHvns0YGVO621o8uAvqgsmGQ6lpQ==",
      "dev": true,
      "requires": {
        "gl-matrix": "^3.3.0",
        "howler": "^2.2.1"
      }
    },
    "gl-matrix": {
      "version": "3.4.3",
      "resolved": "https://registry.npmjs.org/gl-matrix/-/gl-matrix-3.4.3.tgz",
      "integrity": "sha512-wcCp8vu8FT22BnvKVPjXa/ICBWRq/zjFfdofZy1WSpQZpphblv12/bOQLBC1rMM7SGOFS9ltVmKOHil5+Ml7gA==",
      "dev": true
    },
    "howler": {
      "version": "2.2.3",
      "resolved": "https://registry.npmjs.org/howler/-/howler-2.2.3.tgz",
      "integrity": "sha512-QM0FFkw0LRX1PR8pNzJVAY25JhIWvbKMBFM4gqk+QdV+kPXOhleWGCB6AiAF/goGjIHK2e/nIElplvjQwhr0jg==",
      "dev": true
    }
  }
}
